// !$*UTF8*$!
{
	archiveVersion = 1;
	classes = {
	};
	objectVersion = 55;
	objects = {

/* Begin PBXBuildFile section */
		9A39CC3522B0EEBF79778066 /* Pods_SpotifyClone.framework in Frameworks */ = {isa = PBXBuildFile; fileRef = 986FD4BCEA93B034385456ED /* Pods_SpotifyClone.framework */; };
		AF1788B027F48A1D00A2D2AD /* TabBarViewController.swift in Sources */ = {isa = PBXBuildFile; fileRef = AF1788AF27F48A1D00A2D2AD /* TabBarViewController.swift */; };
		AF1788B227F48B7400A2D2AD /* SearchViewController.swift in Sources */ = {isa = PBXBuildFile; fileRef = AF1788B127F48B7400A2D2AD /* SearchViewController.swift */; };
		AF1788B427F48B8B00A2D2AD /* LibraryViewController.swift in Sources */ = {isa = PBXBuildFile; fileRef = AF1788B327F48B8B00A2D2AD /* LibraryViewController.swift */; };
		AF1788B727F48BBD00A2D2AD /* AuthViewController.swift in Sources */ = {isa = PBXBuildFile; fileRef = AF1788B627F48BBD00A2D2AD /* AuthViewController.swift */; };
		AF1788B927F48BCC00A2D2AD /* WelcomeViewController.swift in Sources */ = {isa = PBXBuildFile; fileRef = AF1788B827F48BCC00A2D2AD /* WelcomeViewController.swift */; };
		AF1788BB27F48C3500A2D2AD /* SettingsViewController.swift in Sources */ = {isa = PBXBuildFile; fileRef = AF1788BA27F48C3500A2D2AD /* SettingsViewController.swift */; };
		AF1788BD27F48C4500A2D2AD /* ProfileViewController.swift in Sources */ = {isa = PBXBuildFile; fileRef = AF1788BC27F48C4500A2D2AD /* ProfileViewController.swift */; };
		AF1788BF27F48C5300A2D2AD /* PlayerViewController.swift in Sources */ = {isa = PBXBuildFile; fileRef = AF1788BE27F48C5300A2D2AD /* PlayerViewController.swift */; };
		AF1788C127F48C6100A2D2AD /* PlaylistViewController.swift in Sources */ = {isa = PBXBuildFile; fileRef = AF1788C027F48C6100A2D2AD /* PlaylistViewController.swift */; };
		AF1788C327F48C7000A2D2AD /* SearchResultsViewController.swift in Sources */ = {isa = PBXBuildFile; fileRef = AF1788C227F48C7000A2D2AD /* SearchResultsViewController.swift */; };
		AF1788C627F48CA200A2D2AD /* AuthManager.swift in Sources */ = {isa = PBXBuildFile; fileRef = AF1788C527F48CA200A2D2AD /* AuthManager.swift */; };
		AF1788C827F48CB100A2D2AD /* APICaller.swift in Sources */ = {isa = PBXBuildFile; fileRef = AF1788C727F48CB100A2D2AD /* APICaller.swift */; };
		AF1788CA27F48CBD00A2D2AD /* HapticsManager.swift in Sources */ = {isa = PBXBuildFile; fileRef = AF1788C927F48CBD00A2D2AD /* HapticsManager.swift */; };
		AF1788CD27F48CF200A2D2AD /* Playlist.swift in Sources */ = {isa = PBXBuildFile; fileRef = AF1788CC27F48CF200A2D2AD /* Playlist.swift */; };
		AF1788CF27F48D0800A2D2AD /* AudioTrack.swift in Sources */ = {isa = PBXBuildFile; fileRef = AF1788CE27F48D0800A2D2AD /* AudioTrack.swift */; };
		AF1788D127F48D3C00A2D2AD /* Artist.swift in Sources */ = {isa = PBXBuildFile; fileRef = AF1788D027F48D3C00A2D2AD /* Artist.swift */; };
		AF1788D327F48D4800A2D2AD /* UserProfile.swift in Sources */ = {isa = PBXBuildFile; fileRef = AF1788D227F48D4800A2D2AD /* UserProfile.swift */; };
		AF1788D527F49BE700A2D2AD /* Extensions.swift in Sources */ = {isa = PBXBuildFile; fileRef = AF1788D427F49BE700A2D2AD /* Extensions.swift */; };
		AF1788D727FC75E400A2D2AD /* AuthResponse.swift in Sources */ = {isa = PBXBuildFile; fileRef = AF1788D627FC75E400A2D2AD /* AuthResponse.swift */; };
		AF1788D927FDE72300A2D2AD /* SettingsModels.swift in Sources */ = {isa = PBXBuildFile; fileRef = AF1788D827FDE72300A2D2AD /* SettingsModels.swift */; };
		AFDFF99F27F3EF5D00D4ED45 /* AppDelegate.swift in Sources */ = {isa = PBXBuildFile; fileRef = AFDFF99E27F3EF5D00D4ED45 /* AppDelegate.swift */; };
		AFDFF9A127F3EF5D00D4ED45 /* SceneDelegate.swift in Sources */ = {isa = PBXBuildFile; fileRef = AFDFF9A027F3EF5D00D4ED45 /* SceneDelegate.swift */; };
		AFDFF9A327F3EF5D00D4ED45 /* HomeViewController.swift in Sources */ = {isa = PBXBuildFile; fileRef = AFDFF9A227F3EF5D00D4ED45 /* HomeViewController.swift */; };
		AFDFF9A827F3EF5F00D4ED45 /* Assets.xcassets in Resources */ = {isa = PBXBuildFile; fileRef = AFDFF9A727F3EF5F00D4ED45 /* Assets.xcassets */; };
		AFDFF9AB27F3EF5F00D4ED45 /* LaunchScreen.storyboard in Resources */ = {isa = PBXBuildFile; fileRef = AFDFF9A927F3EF5F00D4ED45 /* LaunchScreen.storyboard */; };
		AFFDA187280068F400AC39AA /* NewReleasesResponse.swift in Sources */ = {isa = PBXBuildFile; fileRef = AFFDA186280068F400AC39AA /* NewReleasesResponse.swift */; };
		AFFDA18928006A3200AC39AA /* APIImage.swift in Sources */ = {isa = PBXBuildFile; fileRef = AFFDA18828006A3200AC39AA /* APIImage.swift */; };
		AFFDA18B2800710000AC39AA /* FeaturedPlaylistsResponse.swift in Sources */ = {isa = PBXBuildFile; fileRef = AFFDA18A2800710000AC39AA /* FeaturedPlaylistsResponse.swift */; };
		AFFDA18D2800730C00AC39AA /* RecommendationsResponse.swift in Sources */ = {isa = PBXBuildFile; fileRef = AFFDA18C2800730C00AC39AA /* RecommendationsResponse.swift */; };
		AFFDA18F2800756500AC39AA /* RecommendedGenresResponse.swift in Sources */ = {isa = PBXBuildFile; fileRef = AFFDA18E2800756500AC39AA /* RecommendedGenresResponse.swift */; };
		AFFDA192280463B600AC39AA /* NewReleaseCollectionViewCell.swift in Sources */ = {isa = PBXBuildFile; fileRef = AFFDA191280463B600AC39AA /* NewReleaseCollectionViewCell.swift */; };
		AFFDA1942804640200AC39AA /* FeaturedPlaylistCollectionViewCell.swift in Sources */ = {isa = PBXBuildFile; fileRef = AFFDA1932804640200AC39AA /* FeaturedPlaylistCollectionViewCell.swift */; };
		AFFDA1962804643400AC39AA /* RecommendedTrackCollectionViewCell.swift in Sources */ = {isa = PBXBuildFile; fileRef = AFFDA1952804643400AC39AA /* RecommendedTrackCollectionViewCell.swift */; };
		AFFDA198280468DF00AC39AA /* NewReleasesCellViewModel.swift in Sources */ = {isa = PBXBuildFile; fileRef = AFFDA197280468DF00AC39AA /* NewReleasesCellViewModel.swift */; };
		AFFDA19A2805B4DA00AC39AA /* FeaturedPlaylistCellViewModel.swift in Sources */ = {isa = PBXBuildFile; fileRef = AFFDA1992805B4DA00AC39AA /* FeaturedPlaylistCellViewModel.swift */; };
		AFFDA19C2805B51C00AC39AA /* RecommendedTrackCellViewModel.swift in Sources */ = {isa = PBXBuildFile; fileRef = AFFDA19B2805B51C00AC39AA /* RecommendedTrackCellViewModel.swift */; };
		AFFDA19E2806661700AC39AA /* AlbumViewController.swift in Sources */ = {isa = PBXBuildFile; fileRef = AFFDA19D2806661700AC39AA /* AlbumViewController.swift */; };
		AFFDA1A028066A0500AC39AA /* RecommendedTracksViewController.swift in Sources */ = {isa = PBXBuildFile; fileRef = AFFDA19F28066A0500AC39AA /* RecommendedTracksViewController.swift */; };
		AFFDA1A32806FC6100AC39AA /* AlbumDetailsResponse.swift in Sources */ = {isa = PBXBuildFile; fileRef = AFFDA1A22806FC6100AC39AA /* AlbumDetailsResponse.swift */; };
		AFFDA1A5280704BF00AC39AA /* PlaylistDetailsResponse.swift in Sources */ = {isa = PBXBuildFile; fileRef = AFFDA1A4280704BE00AC39AA /* PlaylistDetailsResponse.swift */; };
		AFFDA1A7280851F800AC39AA /* PlaylistHeaderCollectionReusableView.swift in Sources */ = {isa = PBXBuildFile; fileRef = AFFDA1A6280851F800AC39AA /* PlaylistHeaderCollectionReusableView.swift */; };
		AFFDA1A92808585000AC39AA /* PlaylistHeaderViewViewModel.swift in Sources */ = {isa = PBXBuildFile; fileRef = AFFDA1A82808585000AC39AA /* PlaylistHeaderViewViewModel.swift */; };
		AFFDA1AB2808812700AC39AA /* TitleHeaderCollectionReusableView.swift in Sources */ = {isa = PBXBuildFile; fileRef = AFFDA1AA2808812700AC39AA /* TitleHeaderCollectionReusableView.swift */; };
		AFFDA1AD2809A70200AC39AA /* AlbumTrackCollectionViewCell.swift in Sources */ = {isa = PBXBuildFile; fileRef = AFFDA1AC2809A70200AC39AA /* AlbumTrackCollectionViewCell.swift */; };
		AFFDA1AF2809A8BE00AC39AA /* AlbumCollectionViewCellViewModel.swift in Sources */ = {isa = PBXBuildFile; fileRef = AFFDA1AE2809A8BE00AC39AA /* AlbumCollectionViewCellViewModel.swift */; };
/* End PBXBuildFile section */

/* Begin PBXFileReference section */
		0D8AC9AB0AC32995FC2F1BB2 /* Pods-SpotifyClone.debug.xcconfig */ = {isa = PBXFileReference; includeInIndex = 1; lastKnownFileType = text.xcconfig; name = "Pods-SpotifyClone.debug.xcconfig"; path = "Target Support Files/Pods-SpotifyClone/Pods-SpotifyClone.debug.xcconfig"; sourceTree = "<group>"; };
		625FF00ECAEDD1FB90CF6D7F /* Pods-SpotifyClone.release.xcconfig */ = {isa = PBXFileReference; includeInIndex = 1; lastKnownFileType = text.xcconfig; name = "Pods-SpotifyClone.release.xcconfig"; path = "Target Support Files/Pods-SpotifyClone/Pods-SpotifyClone.release.xcconfig"; sourceTree = "<group>"; };
		986FD4BCEA93B034385456ED /* Pods_SpotifyClone.framework */ = {isa = PBXFileReference; explicitFileType = wrapper.framework; includeInIndex = 0; path = Pods_SpotifyClone.framework; sourceTree = BUILT_PRODUCTS_DIR; };
		AF1788AF27F48A1D00A2D2AD /* TabBarViewController.swift */ = {isa = PBXFileReference; lastKnownFileType = sourcecode.swift; path = TabBarViewController.swift; sourceTree = "<group>"; };
		AF1788B127F48B7400A2D2AD /* SearchViewController.swift */ = {isa = PBXFileReference; lastKnownFileType = sourcecode.swift; path = SearchViewController.swift; sourceTree = "<group>"; };
		AF1788B327F48B8B00A2D2AD /* LibraryViewController.swift */ = {isa = PBXFileReference; lastKnownFileType = sourcecode.swift; path = LibraryViewController.swift; sourceTree = "<group>"; };
		AF1788B627F48BBD00A2D2AD /* AuthViewController.swift */ = {isa = PBXFileReference; lastKnownFileType = sourcecode.swift; path = AuthViewController.swift; sourceTree = "<group>"; };
		AF1788B827F48BCC00A2D2AD /* WelcomeViewController.swift */ = {isa = PBXFileReference; lastKnownFileType = sourcecode.swift; path = WelcomeViewController.swift; sourceTree = "<group>"; };
		AF1788BA27F48C3500A2D2AD /* SettingsViewController.swift */ = {isa = PBXFileReference; lastKnownFileType = sourcecode.swift; path = SettingsViewController.swift; sourceTree = "<group>"; };
		AF1788BC27F48C4500A2D2AD /* ProfileViewController.swift */ = {isa = PBXFileReference; lastKnownFileType = sourcecode.swift; path = ProfileViewController.swift; sourceTree = "<group>"; };
		AF1788BE27F48C5300A2D2AD /* PlayerViewController.swift */ = {isa = PBXFileReference; lastKnownFileType = sourcecode.swift; path = PlayerViewController.swift; sourceTree = "<group>"; };
		AF1788C027F48C6100A2D2AD /* PlaylistViewController.swift */ = {isa = PBXFileReference; lastKnownFileType = sourcecode.swift; path = PlaylistViewController.swift; sourceTree = "<group>"; };
		AF1788C227F48C7000A2D2AD /* SearchResultsViewController.swift */ = {isa = PBXFileReference; lastKnownFileType = sourcecode.swift; path = SearchResultsViewController.swift; sourceTree = "<group>"; };
		AF1788C527F48CA200A2D2AD /* AuthManager.swift */ = {isa = PBXFileReference; lastKnownFileType = sourcecode.swift; path = AuthManager.swift; sourceTree = "<group>"; };
		AF1788C727F48CB100A2D2AD /* APICaller.swift */ = {isa = PBXFileReference; lastKnownFileType = sourcecode.swift; path = APICaller.swift; sourceTree = "<group>"; };
		AF1788C927F48CBD00A2D2AD /* HapticsManager.swift */ = {isa = PBXFileReference; lastKnownFileType = sourcecode.swift; path = HapticsManager.swift; sourceTree = "<group>"; };
		AF1788CC27F48CF200A2D2AD /* Playlist.swift */ = {isa = PBXFileReference; lastKnownFileType = sourcecode.swift; path = Playlist.swift; sourceTree = "<group>"; };
		AF1788CE27F48D0800A2D2AD /* AudioTrack.swift */ = {isa = PBXFileReference; lastKnownFileType = sourcecode.swift; path = AudioTrack.swift; sourceTree = "<group>"; };
		AF1788D027F48D3C00A2D2AD /* Artist.swift */ = {isa = PBXFileReference; lastKnownFileType = sourcecode.swift; path = Artist.swift; sourceTree = "<group>"; };
		AF1788D227F48D4800A2D2AD /* UserProfile.swift */ = {isa = PBXFileReference; lastKnownFileType = sourcecode.swift; path = UserProfile.swift; sourceTree = "<group>"; };
		AF1788D427F49BE700A2D2AD /* Extensions.swift */ = {isa = PBXFileReference; lastKnownFileType = sourcecode.swift; path = Extensions.swift; sourceTree = "<group>"; };
		AF1788D627FC75E400A2D2AD /* AuthResponse.swift */ = {isa = PBXFileReference; lastKnownFileType = sourcecode.swift; path = AuthResponse.swift; sourceTree = "<group>"; };
		AF1788D827FDE72300A2D2AD /* SettingsModels.swift */ = {isa = PBXFileReference; lastKnownFileType = sourcecode.swift; path = SettingsModels.swift; sourceTree = "<group>"; };
		AFDFF99B27F3EF5D00D4ED45 /* SpotifyClone.app */ = {isa = PBXFileReference; explicitFileType = wrapper.application; includeInIndex = 0; path = SpotifyClone.app; sourceTree = BUILT_PRODUCTS_DIR; };
		AFDFF99E27F3EF5D00D4ED45 /* AppDelegate.swift */ = {isa = PBXFileReference; lastKnownFileType = sourcecode.swift; path = AppDelegate.swift; sourceTree = "<group>"; };
		AFDFF9A027F3EF5D00D4ED45 /* SceneDelegate.swift */ = {isa = PBXFileReference; lastKnownFileType = sourcecode.swift; path = SceneDelegate.swift; sourceTree = "<group>"; };
		AFDFF9A227F3EF5D00D4ED45 /* HomeViewController.swift */ = {isa = PBXFileReference; lastKnownFileType = sourcecode.swift; path = HomeViewController.swift; sourceTree = "<group>"; };
		AFDFF9A727F3EF5F00D4ED45 /* Assets.xcassets */ = {isa = PBXFileReference; lastKnownFileType = folder.assetcatalog; path = Assets.xcassets; sourceTree = "<group>"; };
		AFDFF9AA27F3EF5F00D4ED45 /* Base */ = {isa = PBXFileReference; lastKnownFileType = file.storyboard; name = Base; path = Base.lproj/LaunchScreen.storyboard; sourceTree = "<group>"; };
		AFDFF9AC27F3EF5F00D4ED45 /* Info.plist */ = {isa = PBXFileReference; lastKnownFileType = text.plist.xml; path = Info.plist; sourceTree = "<group>"; };
		AFFDA186280068F400AC39AA /* NewReleasesResponse.swift */ = {isa = PBXFileReference; lastKnownFileType = sourcecode.swift; path = NewReleasesResponse.swift; sourceTree = "<group>"; };
		AFFDA18828006A3200AC39AA /* APIImage.swift */ = {isa = PBXFileReference; lastKnownFileType = sourcecode.swift; path = APIImage.swift; sourceTree = "<group>"; };
		AFFDA18A2800710000AC39AA /* FeaturedPlaylistsResponse.swift */ = {isa = PBXFileReference; lastKnownFileType = sourcecode.swift; path = FeaturedPlaylistsResponse.swift; sourceTree = "<group>"; };
		AFFDA18C2800730C00AC39AA /* RecommendationsResponse.swift */ = {isa = PBXFileReference; lastKnownFileType = sourcecode.swift; path = RecommendationsResponse.swift; sourceTree = "<group>"; };
		AFFDA18E2800756500AC39AA /* RecommendedGenresResponse.swift */ = {isa = PBXFileReference; lastKnownFileType = sourcecode.swift; path = RecommendedGenresResponse.swift; sourceTree = "<group>"; };
		AFFDA191280463B600AC39AA /* NewReleaseCollectionViewCell.swift */ = {isa = PBXFileReference; lastKnownFileType = sourcecode.swift; path = NewReleaseCollectionViewCell.swift; sourceTree = "<group>"; };
		AFFDA1932804640200AC39AA /* FeaturedPlaylistCollectionViewCell.swift */ = {isa = PBXFileReference; lastKnownFileType = sourcecode.swift; path = FeaturedPlaylistCollectionViewCell.swift; sourceTree = "<group>"; };
		AFFDA1952804643400AC39AA /* RecommendedTrackCollectionViewCell.swift */ = {isa = PBXFileReference; lastKnownFileType = sourcecode.swift; path = RecommendedTrackCollectionViewCell.swift; sourceTree = "<group>"; };
		AFFDA197280468DF00AC39AA /* NewReleasesCellViewModel.swift */ = {isa = PBXFileReference; lastKnownFileType = sourcecode.swift; path = NewReleasesCellViewModel.swift; sourceTree = "<group>"; };
		AFFDA1992805B4DA00AC39AA /* FeaturedPlaylistCellViewModel.swift */ = {isa = PBXFileReference; lastKnownFileType = sourcecode.swift; path = FeaturedPlaylistCellViewModel.swift; sourceTree = "<group>"; };
		AFFDA19B2805B51C00AC39AA /* RecommendedTrackCellViewModel.swift */ = {isa = PBXFileReference; lastKnownFileType = sourcecode.swift; path = RecommendedTrackCellViewModel.swift; sourceTree = "<group>"; };
		AFFDA19D2806661700AC39AA /* AlbumViewController.swift */ = {isa = PBXFileReference; lastKnownFileType = sourcecode.swift; path = AlbumViewController.swift; sourceTree = "<group>"; };
		AFFDA19F28066A0500AC39AA /* RecommendedTracksViewController.swift */ = {isa = PBXFileReference; lastKnownFileType = sourcecode.swift; path = RecommendedTracksViewController.swift; sourceTree = "<group>"; };
		AFFDA1A22806FC6100AC39AA /* AlbumDetailsResponse.swift */ = {isa = PBXFileReference; lastKnownFileType = sourcecode.swift; path = AlbumDetailsResponse.swift; sourceTree = "<group>"; };
		AFFDA1A4280704BE00AC39AA /* PlaylistDetailsResponse.swift */ = {isa = PBXFileReference; lastKnownFileType = sourcecode.swift; path = PlaylistDetailsResponse.swift; sourceTree = "<group>"; };
		AFFDA1A6280851F800AC39AA /* PlaylistHeaderCollectionReusableView.swift */ = {isa = PBXFileReference; lastKnownFileType = sourcecode.swift; path = PlaylistHeaderCollectionReusableView.swift; sourceTree = "<group>"; };
		AFFDA1A82808585000AC39AA /* PlaylistHeaderViewViewModel.swift */ = {isa = PBXFileReference; lastKnownFileType = sourcecode.swift; path = PlaylistHeaderViewViewModel.swift; sourceTree = "<group>"; };
		AFFDA1AA2808812700AC39AA /* TitleHeaderCollectionReusableView.swift */ = {isa = PBXFileReference; lastKnownFileType = sourcecode.swift; path = TitleHeaderCollectionReusableView.swift; sourceTree = "<group>"; };
		AFFDA1AC2809A70200AC39AA /* AlbumTrackCollectionViewCell.swift */ = {isa = PBXFileReference; lastKnownFileType = sourcecode.swift; path = AlbumTrackCollectionViewCell.swift; sourceTree = "<group>"; };
		AFFDA1AE2809A8BE00AC39AA /* AlbumCollectionViewCellViewModel.swift */ = {isa = PBXFileReference; lastKnownFileType = sourcecode.swift; path = AlbumCollectionViewCellViewModel.swift; sourceTree = "<group>"; };
/* End PBXFileReference section */

/* Begin PBXFrameworksBuildPhase section */
		AFDFF99827F3EF5D00D4ED45 /* Frameworks */ = {
			isa = PBXFrameworksBuildPhase;
			buildActionMask = 2147483647;
			files = (
				9A39CC3522B0EEBF79778066 /* Pods_SpotifyClone.framework in Frameworks */,
			);
			runOnlyForDeploymentPostprocessing = 0;
		};
/* End PBXFrameworksBuildPhase section */

/* Begin PBXGroup section */
		0C6F3977F29F2E78A4C21D1D /* Pods */ = {
			isa = PBXGroup;
			children = (
				0D8AC9AB0AC32995FC2F1BB2 /* Pods-SpotifyClone.debug.xcconfig */,
				625FF00ECAEDD1FB90CF6D7F /* Pods-SpotifyClone.release.xcconfig */,
			);
			path = Pods;
			sourceTree = "<group>";
		};
		AF1788B527F48B9A00A2D2AD /* Core */ = {
			isa = PBXGroup;
			children = (
				AF1788AF27F48A1D00A2D2AD /* TabBarViewController.swift */,
				AFDFF9A227F3EF5D00D4ED45 /* HomeViewController.swift */,
				AF1788B127F48B7400A2D2AD /* SearchViewController.swift */,
				AF1788B327F48B8B00A2D2AD /* LibraryViewController.swift */,
			);
			path = Core;
			sourceTree = "<group>";
		};
		AF1788C427F48C8200A2D2AD /* Other */ = {
			isa = PBXGroup;
			children = (
				AF1788B827F48BCC00A2D2AD /* WelcomeViewController.swift */,
				AF1788B627F48BBD00A2D2AD /* AuthViewController.swift */,
				AF1788BA27F48C3500A2D2AD /* SettingsViewController.swift */,
				AF1788BC27F48C4500A2D2AD /* ProfileViewController.swift */,
				AF1788BE27F48C5300A2D2AD /* PlayerViewController.swift */,
				AF1788C027F48C6100A2D2AD /* PlaylistViewController.swift */,
				AF1788C227F48C7000A2D2AD /* SearchResultsViewController.swift */,
				AFFDA19D2806661700AC39AA /* AlbumViewController.swift */,
				AFFDA19F28066A0500AC39AA /* RecommendedTracksViewController.swift */,
			);
			path = Other;
			sourceTree = "<group>";
		};
		AF1788CB27F48CD400A2D2AD /* Models */ = {
			isa = PBXGroup;
			children = (
				AFFDA1A12806FC1500AC39AA /* API Response */,
				AF1788CC27F48CF200A2D2AD /* Playlist.swift */,
				AF1788CE27F48D0800A2D2AD /* AudioTrack.swift */,
				AF1788D027F48D3C00A2D2AD /* Artist.swift */,
				AF1788D227F48D4800A2D2AD /* UserProfile.swift */,
				AF1788D827FDE72300A2D2AD /* SettingsModels.swift */,
				AFFDA18828006A3200AC39AA /* APIImage.swift */,
			);
			path = Models;
			sourceTree = "<group>";
		};
		AFDFF99227F3EF5C00D4ED45 = {
			isa = PBXGroup;
			children = (
				AFDFF99D27F3EF5D00D4ED45 /* SpotifyClone */,
				AFDFF99C27F3EF5D00D4ED45 /* Products */,
				0C6F3977F29F2E78A4C21D1D /* Pods */,
				EDA6C3768902990E5AF76D88 /* Frameworks */,
			);
			sourceTree = "<group>";
		};
		AFDFF99C27F3EF5D00D4ED45 /* Products */ = {
			isa = PBXGroup;
			children = (
				AFDFF99B27F3EF5D00D4ED45 /* SpotifyClone.app */,
			);
			name = Products;
			sourceTree = "<group>";
		};
		AFDFF99D27F3EF5D00D4ED45 /* SpotifyClone */ = {
			isa = PBXGroup;
			children = (
				AFDFF9B627F4858200D4ED45 /* Resources */,
				AFDFF9B527F4857B00D4ED45 /* Managers */,
				AFDFF9B427F4854D00D4ED45 /* ViewModels */,
				AF1788CB27F48CD400A2D2AD /* Models */,
				AFDFF9B327F4854400D4ED45 /* Views */,
				AFDFF9B227F4853600D4ED45 /* Controllers */,
				AFDFF9AC27F3EF5F00D4ED45 /* Info.plist */,
			);
			path = SpotifyClone;
			sourceTree = "<group>";
		};
		AFDFF9B227F4853600D4ED45 /* Controllers */ = {
			isa = PBXGroup;
			children = (
				AF1788B527F48B9A00A2D2AD /* Core */,
				AF1788C427F48C8200A2D2AD /* Other */,
			);
			path = Controllers;
			sourceTree = "<group>";
		};
		AFDFF9B327F4854400D4ED45 /* Views */ = {
			isa = PBXGroup;
			children = (
				AFFDA1902804637A00AC39AA /* Browse */,
				AFDFF9A927F3EF5F00D4ED45 /* LaunchScreen.storyboard */,
				AFFDA1A6280851F800AC39AA /* PlaylistHeaderCollectionReusableView.swift */,
				AFFDA1AA2808812700AC39AA /* TitleHeaderCollectionReusableView.swift */,
				AFFDA1AC2809A70200AC39AA /* AlbumTrackCollectionViewCell.swift */,
			);
			path = Views;
			sourceTree = "<group>";
		};
		AFDFF9B427F4854D00D4ED45 /* ViewModels */ = {
			isa = PBXGroup;
			children = (
				AFFDA197280468DF00AC39AA /* NewReleasesCellViewModel.swift */,
				AFFDA1992805B4DA00AC39AA /* FeaturedPlaylistCellViewModel.swift */,
				AFFDA19B2805B51C00AC39AA /* RecommendedTrackCellViewModel.swift */,
				AFFDA1A82808585000AC39AA /* PlaylistHeaderViewViewModel.swift */,
				AFFDA1AE2809A8BE00AC39AA /* AlbumCollectionViewCellViewModel.swift */,
			);
			path = ViewModels;
			sourceTree = "<group>";
		};
		AFDFF9B527F4857B00D4ED45 /* Managers */ = {
			isa = PBXGroup;
			children = (
				AF1788C527F48CA200A2D2AD /* AuthManager.swift */,
				AF1788C727F48CB100A2D2AD /* APICaller.swift */,
				AF1788C927F48CBD00A2D2AD /* HapticsManager.swift */,
			);
			path = Managers;
			sourceTree = "<group>";
		};
		AFDFF9B627F4858200D4ED45 /* Resources */ = {
			isa = PBXGroup;
			children = (
				AFDFF9A027F3EF5D00D4ED45 /* SceneDelegate.swift */,
				AFDFF99E27F3EF5D00D4ED45 /* AppDelegate.swift */,
				AFDFF9A727F3EF5F00D4ED45 /* Assets.xcassets */,
				AF1788D427F49BE700A2D2AD /* Extensions.swift */,
			);
			path = Resources;
			sourceTree = "<group>";
		};
		AFFDA1902804637A00AC39AA /* Browse */ = {
			isa = PBXGroup;
			children = (
				AFFDA191280463B600AC39AA /* NewReleaseCollectionViewCell.swift */,
				AFFDA1932804640200AC39AA /* FeaturedPlaylistCollectionViewCell.swift */,
				AFFDA1952804643400AC39AA /* RecommendedTrackCollectionViewCell.swift */,
			);
			path = Browse;
			sourceTree = "<group>";
		};
		AFFDA1A12806FC1500AC39AA /* API Response */ = {
			isa = PBXGroup;
			children = (
				AFFDA18A2800710000AC39AA /* FeaturedPlaylistsResponse.swift */,
				AFFDA18E2800756500AC39AA /* RecommendedGenresResponse.swift */,
				AFFDA18C2800730C00AC39AA /* RecommendationsResponse.swift */,
				AFFDA186280068F400AC39AA /* NewReleasesResponse.swift */,
				AF1788D627FC75E400A2D2AD /* AuthResponse.swift */,
				AFFDA1A22806FC6100AC39AA /* AlbumDetailsResponse.swift */,
				AFFDA1A4280704BE00AC39AA /* PlaylistDetailsResponse.swift */,
			);
			path = "API Response";
			sourceTree = "<group>";
		};
		EDA6C3768902990E5AF76D88 /* Frameworks */ = {
			isa = PBXGroup;
			children = (
				986FD4BCEA93B034385456ED /* Pods_SpotifyClone.framework */,
			);
			name = Frameworks;
			sourceTree = "<group>";
		};
/* End PBXGroup section */

/* Begin PBXNativeTarget section */
		AFDFF99A27F3EF5D00D4ED45 /* SpotifyClone */ = {
			isa = PBXNativeTarget;
			buildConfigurationList = AFDFF9AF27F3EF5F00D4ED45 /* Build configuration list for PBXNativeTarget "SpotifyClone" */;
			buildPhases = (
				22327A58BCE3028C19EBE810 /* [CP] Check Pods Manifest.lock */,
				AFDFF99727F3EF5D00D4ED45 /* Sources */,
				AFDFF99827F3EF5D00D4ED45 /* Frameworks */,
				AFDFF99927F3EF5D00D4ED45 /* Resources */,
				7029FB4A914A7830F68B755C /* [CP] Embed Pods Frameworks */,
			);
			buildRules = (
			);
			dependencies = (
			);
			name = SpotifyClone;
			productName = SpotifyClone;
			productReference = AFDFF99B27F3EF5D00D4ED45 /* SpotifyClone.app */;
			productType = "com.apple.product-type.application";
		};
/* End PBXNativeTarget section */

/* Begin PBXProject section */
		AFDFF99327F3EF5C00D4ED45 /* Project object */ = {
			isa = PBXProject;
			attributes = {
				BuildIndependentTargetsInParallel = 1;
				LastSwiftUpdateCheck = 1320;
				LastUpgradeCheck = 1320;
				TargetAttributes = {
					AFDFF99A27F3EF5D00D4ED45 = {
						CreatedOnToolsVersion = 13.2.1;
					};
				};
			};
			buildConfigurationList = AFDFF99627F3EF5C00D4ED45 /* Build configuration list for PBXProject "SpotifyClone" */;
			compatibilityVersion = "Xcode 13.0";
			developmentRegion = en;
			hasScannedForEncodings = 0;
			knownRegions = (
				en,
				Base,
			);
			mainGroup = AFDFF99227F3EF5C00D4ED45;
			productRefGroup = AFDFF99C27F3EF5D00D4ED45 /* Products */;
			projectDirPath = "";
			projectRoot = "";
			targets = (
				AFDFF99A27F3EF5D00D4ED45 /* SpotifyClone */,
			);
		};
/* End PBXProject section */

/* Begin PBXResourcesBuildPhase section */
		AFDFF99927F3EF5D00D4ED45 /* Resources */ = {
			isa = PBXResourcesBuildPhase;
			buildActionMask = 2147483647;
			files = (
				AFDFF9AB27F3EF5F00D4ED45 /* LaunchScreen.storyboard in Resources */,
				AFDFF9A827F3EF5F00D4ED45 /* Assets.xcassets in Resources */,
			);
			runOnlyForDeploymentPostprocessing = 0;
		};
/* End PBXResourcesBuildPhase section */

/* Begin PBXShellScriptBuildPhase section */
		22327A58BCE3028C19EBE810 /* [CP] Check Pods Manifest.lock */ = {
			isa = PBXShellScriptBuildPhase;
			buildActionMask = 2147483647;
			files = (
			);
			inputFileListPaths = (
			);
			inputPaths = (
				"${PODS_PODFILE_DIR_PATH}/Podfile.lock",
				"${PODS_ROOT}/Manifest.lock",
			);
			name = "[CP] Check Pods Manifest.lock";
			outputFileListPaths = (
			);
			outputPaths = (
				"$(DERIVED_FILE_DIR)/Pods-SpotifyClone-checkManifestLockResult.txt",
			);
			runOnlyForDeploymentPostprocessing = 0;
			shellPath = /bin/sh;
			shellScript = "diff \"${PODS_PODFILE_DIR_PATH}/Podfile.lock\" \"${PODS_ROOT}/Manifest.lock\" > /dev/null\nif [ $? != 0 ] ; then\n    # print error to STDERR\n    echo \"error: The sandbox is not in sync with the Podfile.lock. Run 'pod install' or update your CocoaPods installation.\" >&2\n    exit 1\nfi\n# This output is used by Xcode 'outputs' to avoid re-running this script phase.\necho \"SUCCESS\" > \"${SCRIPT_OUTPUT_FILE_0}\"\n";
			showEnvVarsInLog = 0;
		};
		7029FB4A914A7830F68B755C /* [CP] Embed Pods Frameworks */ = {
			isa = PBXShellScriptBuildPhase;
			buildActionMask = 2147483647;
			files = (
			);
			inputFileListPaths = (
				"${PODS_ROOT}/Target Support Files/Pods-SpotifyClone/Pods-SpotifyClone-frameworks-${CONFIGURATION}-input-files.xcfilelist",
			);
			name = "[CP] Embed Pods Frameworks";
			outputFileListPaths = (
				"${PODS_ROOT}/Target Support Files/Pods-SpotifyClone/Pods-SpotifyClone-frameworks-${CONFIGURATION}-output-files.xcfilelist",
			);
			runOnlyForDeploymentPostprocessing = 0;
			shellPath = /bin/sh;
			shellScript = "\"${PODS_ROOT}/Target Support Files/Pods-SpotifyClone/Pods-SpotifyClone-frameworks.sh\"\n";
			showEnvVarsInLog = 0;
		};
/* End PBXShellScriptBuildPhase section */

/* Begin PBXSourcesBuildPhase section */
		AFDFF99727F3EF5D00D4ED45 /* Sources */ = {
			isa = PBXSourcesBuildPhase;
			buildActionMask = 2147483647;
			files = (
				AFFDA1AF2809A8BE00AC39AA /* AlbumCollectionViewCellViewModel.swift in Sources */,
				AF1788B227F48B7400A2D2AD /* SearchViewController.swift in Sources */,
				AF1788CD27F48CF200A2D2AD /* Playlist.swift in Sources */,
				AFFDA187280068F400AC39AA /* NewReleasesResponse.swift in Sources */,
				AF1788C627F48CA200A2D2AD /* AuthManager.swift in Sources */,
				AFFDA19C2805B51C00AC39AA /* RecommendedTrackCellViewModel.swift in Sources */,
				AFFDA18F2800756500AC39AA /* RecommendedGenresResponse.swift in Sources */,
				AFFDA19E2806661700AC39AA /* AlbumViewController.swift in Sources */,
				AFFDA19A2805B4DA00AC39AA /* FeaturedPlaylistCellViewModel.swift in Sources */,
				AFFDA18928006A3200AC39AA /* APIImage.swift in Sources */,
				AF1788C327F48C7000A2D2AD /* SearchResultsViewController.swift in Sources */,
				AF1788B927F48BCC00A2D2AD /* WelcomeViewController.swift in Sources */,
				AFFDA1962804643400AC39AA /* RecommendedTrackCollectionViewCell.swift in Sources */,
				AF1788BD27F48C4500A2D2AD /* ProfileViewController.swift in Sources */,
				AF1788B027F48A1D00A2D2AD /* TabBarViewController.swift in Sources */,
				AF1788CA27F48CBD00A2D2AD /* HapticsManager.swift in Sources */,
				AFFDA1A5280704BF00AC39AA /* PlaylistDetailsResponse.swift in Sources */,
				AF1788D727FC75E400A2D2AD /* AuthResponse.swift in Sources */,
				AF1788CF27F48D0800A2D2AD /* AudioTrack.swift in Sources */,
				AFFDA1AB2808812700AC39AA /* TitleHeaderCollectionReusableView.swift in Sources */,
				AFDFF9A327F3EF5D00D4ED45 /* HomeViewController.swift in Sources */,
				AFFDA198280468DF00AC39AA /* NewReleasesCellViewModel.swift in Sources */,
				AF1788B727F48BBD00A2D2AD /* AuthViewController.swift in Sources */,
				AFDFF99F27F3EF5D00D4ED45 /* AppDelegate.swift in Sources */,
				AFFDA1942804640200AC39AA /* FeaturedPlaylistCollectionViewCell.swift in Sources */,
				AFFDA1A7280851F800AC39AA /* PlaylistHeaderCollectionReusableView.swift in Sources */,
				AFFDA1A32806FC6100AC39AA /* AlbumDetailsResponse.swift in Sources */,
				AF1788D327F48D4800A2D2AD /* UserProfile.swift in Sources */,
				AFFDA1A92808585000AC39AA /* PlaylistHeaderViewViewModel.swift in Sources */,
				AF1788D527F49BE700A2D2AD /* Extensions.swift in Sources */,
				AFFDA192280463B600AC39AA /* NewReleaseCollectionViewCell.swift in Sources */,
				AFFDA18D2800730C00AC39AA /* RecommendationsResponse.swift in Sources */,
				AFFDA1A028066A0500AC39AA /* RecommendedTracksViewController.swift in Sources */,
				AF1788B427F48B8B00A2D2AD /* LibraryViewController.swift in Sources */,
				AF1788D127F48D3C00A2D2AD /* Artist.swift in Sources */,
				AFFDA1AD2809A70200AC39AA /* AlbumTrackCollectionViewCell.swift in Sources */,
				AF1788D927FDE72300A2D2AD /* SettingsModels.swift in Sources */,
				AF1788C127F48C6100A2D2AD /* PlaylistViewController.swift in Sources */,
				AFDFF9A127F3EF5D00D4ED45 /* SceneDelegate.swift in Sources */,
				AF1788BF27F48C5300A2D2AD /* PlayerViewController.swift in Sources */,
				AF1788C827F48CB100A2D2AD /* APICaller.swift in Sources */,
				AFFDA18B2800710000AC39AA /* FeaturedPlaylistsResponse.swift in Sources */,
				AF1788BB27F48C3500A2D2AD /* SettingsViewController.swift in Sources */,
			);
			runOnlyForDeploymentPostprocessing = 0;
		};
/* End PBXSourcesBuildPhase section */

/* Begin PBXVariantGroup section */
		AFDFF9A927F3EF5F00D4ED45 /* LaunchScreen.storyboard */ = {
			isa = PBXVariantGroup;
			children = (
				AFDFF9AA27F3EF5F00D4ED45 /* Base */,
			);
			name = LaunchScreen.storyboard;
			sourceTree = "<group>";
		};
/* End PBXVariantGroup section */

/* Begin XCBuildConfiguration section */
		AFDFF9AD27F3EF5F00D4ED45 /* Debug */ = {
			isa = XCBuildConfiguration;
			buildSettings = {
				ALWAYS_SEARCH_USER_PATHS = NO;
				CLANG_ANALYZER_NONNULL = YES;
				CLANG_ANALYZER_NUMBER_OBJECT_CONVERSION = YES_AGGRESSIVE;
				CLANG_CXX_LANGUAGE_STANDARD = "gnu++17";
				CLANG_CXX_LIBRARY = "libc++";
				CLANG_ENABLE_MODULES = YES;
				CLANG_ENABLE_OBJC_ARC = YES;
				CLANG_ENABLE_OBJC_WEAK = YES;
				CLANG_WARN_BLOCK_CAPTURE_AUTORELEASING = YES;
				CLANG_WARN_BOOL_CONVERSION = YES;
				CLANG_WARN_COMMA = YES;
				CLANG_WARN_CONSTANT_CONVERSION = YES;
				CLANG_WARN_DEPRECATED_OBJC_IMPLEMENTATIONS = YES;
				CLANG_WARN_DIRECT_OBJC_ISA_USAGE = YES_ERROR;
				CLANG_WARN_DOCUMENTATION_COMMENTS = YES;
				CLANG_WARN_EMPTY_BODY = YES;
				CLANG_WARN_ENUM_CONVERSION = YES;
				CLANG_WARN_INFINITE_RECURSION = YES;
				CLANG_WARN_INT_CONVERSION = YES;
				CLANG_WARN_NON_LITERAL_NULL_CONVERSION = YES;
				CLANG_WARN_OBJC_IMPLICIT_RETAIN_SELF = YES;
				CLANG_WARN_OBJC_LITERAL_CONVERSION = YES;
				CLANG_WARN_OBJC_ROOT_CLASS = YES_ERROR;
				CLANG_WARN_QUOTED_INCLUDE_IN_FRAMEWORK_HEADER = YES;
				CLANG_WARN_RANGE_LOOP_ANALYSIS = YES;
				CLANG_WARN_STRICT_PROTOTYPES = YES;
				CLANG_WARN_SUSPICIOUS_MOVE = YES;
				CLANG_WARN_UNGUARDED_AVAILABILITY = YES_AGGRESSIVE;
				CLANG_WARN_UNREACHABLE_CODE = YES;
				CLANG_WARN__DUPLICATE_METHOD_MATCH = YES;
				COPY_PHASE_STRIP = NO;
				DEBUG_INFORMATION_FORMAT = dwarf;
				ENABLE_STRICT_OBJC_MSGSEND = YES;
				ENABLE_TESTABILITY = YES;
				GCC_C_LANGUAGE_STANDARD = gnu11;
				GCC_DYNAMIC_NO_PIC = NO;
				GCC_NO_COMMON_BLOCKS = YES;
				GCC_OPTIMIZATION_LEVEL = 0;
				GCC_PREPROCESSOR_DEFINITIONS = (
					"DEBUG=1",
					"$(inherited)",
				);
				GCC_WARN_64_TO_32_BIT_CONVERSION = YES;
				GCC_WARN_ABOUT_RETURN_TYPE = YES_ERROR;
				GCC_WARN_UNDECLARED_SELECTOR = YES;
				GCC_WARN_UNINITIALIZED_AUTOS = YES_AGGRESSIVE;
				GCC_WARN_UNUSED_FUNCTION = YES;
				GCC_WARN_UNUSED_VARIABLE = YES;
				IPHONEOS_DEPLOYMENT_TARGET = 15.2;
				MTL_ENABLE_DEBUG_INFO = INCLUDE_SOURCE;
				MTL_FAST_MATH = YES;
				ONLY_ACTIVE_ARCH = YES;
				SDKROOT = iphoneos;
				SWIFT_ACTIVE_COMPILATION_CONDITIONS = DEBUG;
				SWIFT_OPTIMIZATION_LEVEL = "-Onone";
			};
			name = Debug;
		};
		AFDFF9AE27F3EF5F00D4ED45 /* Release */ = {
			isa = XCBuildConfiguration;
			buildSettings = {
				ALWAYS_SEARCH_USER_PATHS = NO;
				CLANG_ANALYZER_NONNULL = YES;
				CLANG_ANALYZER_NUMBER_OBJECT_CONVERSION = YES_AGGRESSIVE;
				CLANG_CXX_LANGUAGE_STANDARD = "gnu++17";
				CLANG_CXX_LIBRARY = "libc++";
				CLANG_ENABLE_MODULES = YES;
				CLANG_ENABLE_OBJC_ARC = YES;
				CLANG_ENABLE_OBJC_WEAK = YES;
				CLANG_WARN_BLOCK_CAPTURE_AUTORELEASING = YES;
				CLANG_WARN_BOOL_CONVERSION = YES;
				CLANG_WARN_COMMA = YES;
				CLANG_WARN_CONSTANT_CONVERSION = YES;
				CLANG_WARN_DEPRECATED_OBJC_IMPLEMENTATIONS = YES;
				CLANG_WARN_DIRECT_OBJC_ISA_USAGE = YES_ERROR;
				CLANG_WARN_DOCUMENTATION_COMMENTS = YES;
				CLANG_WARN_EMPTY_BODY = YES;
				CLANG_WARN_ENUM_CONVERSION = YES;
				CLANG_WARN_INFINITE_RECURSION = YES;
				CLANG_WARN_INT_CONVERSION = YES;
				CLANG_WARN_NON_LITERAL_NULL_CONVERSION = YES;
				CLANG_WARN_OBJC_IMPLICIT_RETAIN_SELF = YES;
				CLANG_WARN_OBJC_LITERAL_CONVERSION = YES;
				CLANG_WARN_OBJC_ROOT_CLASS = YES_ERROR;
				CLANG_WARN_QUOTED_INCLUDE_IN_FRAMEWORK_HEADER = YES;
				CLANG_WARN_RANGE_LOOP_ANALYSIS = YES;
				CLANG_WARN_STRICT_PROTOTYPES = YES;
				CLANG_WARN_SUSPICIOUS_MOVE = YES;
				CLANG_WARN_UNGUARDED_AVAILABILITY = YES_AGGRESSIVE;
				CLANG_WARN_UNREACHABLE_CODE = YES;
				CLANG_WARN__DUPLICATE_METHOD_MATCH = YES;
				COPY_PHASE_STRIP = NO;
				DEBUG_INFORMATION_FORMAT = "dwarf-with-dsym";
				ENABLE_NS_ASSERTIONS = NO;
				ENABLE_STRICT_OBJC_MSGSEND = YES;
				GCC_C_LANGUAGE_STANDARD = gnu11;
				GCC_NO_COMMON_BLOCKS = YES;
				GCC_WARN_64_TO_32_BIT_CONVERSION = YES;
				GCC_WARN_ABOUT_RETURN_TYPE = YES_ERROR;
				GCC_WARN_UNDECLARED_SELECTOR = YES;
				GCC_WARN_UNINITIALIZED_AUTOS = YES_AGGRESSIVE;
				GCC_WARN_UNUSED_FUNCTION = YES;
				GCC_WARN_UNUSED_VARIABLE = YES;
				IPHONEOS_DEPLOYMENT_TARGET = 15.2;
				MTL_ENABLE_DEBUG_INFO = NO;
				MTL_FAST_MATH = YES;
				SDKROOT = iphoneos;
				SWIFT_COMPILATION_MODE = wholemodule;
				SWIFT_OPTIMIZATION_LEVEL = "-O";
				VALIDATE_PRODUCT = YES;
			};
			name = Release;
		};
		AFDFF9B027F3EF5F00D4ED45 /* Debug */ = {
			isa = XCBuildConfiguration;
			baseConfigurationReference = 0D8AC9AB0AC32995FC2F1BB2 /* Pods-SpotifyClone.debug.xcconfig */;
			buildSettings = {
				ASSETCATALOG_COMPILER_APPICON_NAME = AppIcon;
				ASSETCATALOG_COMPILER_GLOBAL_ACCENT_COLOR_NAME = AccentColor;
				CODE_SIGN_STYLE = Automatic;
				CURRENT_PROJECT_VERSION = 1;
				DEVELOPMENT_TEAM = RRG4UPX9CR;
				GENERATE_INFOPLIST_FILE = YES;
				INFOPLIST_FILE = SpotifyClone/Info.plist;
				INFOPLIST_KEY_UIApplicationSupportsIndirectInputEvents = YES;
				INFOPLIST_KEY_UILaunchStoryboardName = LaunchScreen;
				INFOPLIST_KEY_UISupportedInterfaceOrientations_iPad = "UIInterfaceOrientationPortrait UIInterfaceOrientationPortraitUpsideDown UIInterfaceOrientationLandscapeLeft UIInterfaceOrientationLandscapeRight";
				INFOPLIST_KEY_UISupportedInterfaceOrientations_iPhone = "UIInterfaceOrientationPortrait UIInterfaceOrientationLandscapeLeft UIInterfaceOrientationLandscapeRight";
				LD_RUNPATH_SEARCH_PATHS = (
					"$(inherited)",
					"@executable_path/Frameworks",
				);
				MARKETING_VERSION = 1.0;
				PRODUCT_BUNDLE_IDENTIFIER = com.calebngai.SpotifyClone;
				PRODUCT_NAME = "$(TARGET_NAME)";
				SWIFT_EMIT_LOC_STRINGS = YES;
				SWIFT_VERSION = 5.0;
				TARGETED_DEVICE_FAMILY = "1,2";
			};
			name = Debug;
		};
		AFDFF9B127F3EF5F00D4ED45 /* Release */ = {
			isa = XCBuildConfiguration;
			baseConfigurationReference = 625FF00ECAEDD1FB90CF6D7F /* Pods-SpotifyClone.release.xcconfig */;
			buildSettings = {
				ASSETCATALOG_COMPILER_APPICON_NAME = AppIcon;
				ASSETCATALOG_COMPILER_GLOBAL_ACCENT_COLOR_NAME = AccentColor;
				CODE_SIGN_STYLE = Automatic;
				CURRENT_PROJECT_VERSION = 1;
				DEVELOPMENT_TEAM = RRG4UPX9CR;
				GENERATE_INFOPLIST_FILE = YES;
				INFOPLIST_FILE = SpotifyClone/Info.plist;
				INFOPLIST_KEY_UIApplicationSupportsIndirectInputEvents = YES;
				INFOPLIST_KEY_UILaunchStoryboardName = LaunchScreen;
				INFOPLIST_KEY_UISupportedInterfaceOrientations_iPad = "UIInterfaceOrientationPortrait UIInterfaceOrientationPortraitUpsideDown UIInterfaceOrientationLandscapeLeft UIInterfaceOrientationLandscapeRight";
				INFOPLIST_KEY_UISupportedInterfaceOrientations_iPhone = "UIInterfaceOrientationPortrait UIInterfaceOrientationLandscapeLeft UIInterfaceOrientationLandscapeRight";
				LD_RUNPATH_SEARCH_PATHS = (
					"$(inherited)",
					"@executable_path/Frameworks",
				);
				MARKETING_VERSION = 1.0;
				PRODUCT_BUNDLE_IDENTIFIER = com.calebngai.SpotifyClone;
				PRODUCT_NAME = "$(TARGET_NAME)";
				SWIFT_EMIT_LOC_STRINGS = YES;
				SWIFT_VERSION = 5.0;
				TARGETED_DEVICE_FAMILY = "1,2";
			};
			name = Release;
		};
/* End XCBuildConfiguration section */

/* Begin XCConfigurationList section */
		AFDFF99627F3EF5C00D4ED45 /* Build configuration list for PBXProject "SpotifyClone" */ = {
			isa = XCConfigurationList;
			buildConfigurations = (
				AFDFF9AD27F3EF5F00D4ED45 /* Debug */,
				AFDFF9AE27F3EF5F00D4ED45 /* Release */,
			);
			defaultConfigurationIsVisible = 0;
			defaultConfigurationName = Release;
		};
		AFDFF9AF27F3EF5F00D4ED45 /* Build configuration list for PBXNativeTarget "SpotifyClone" */ = {
			isa = XCConfigurationList;
			buildConfigurations = (
				AFDFF9B027F3EF5F00D4ED45 /* Debug */,
				AFDFF9B127F3EF5F00D4ED45 /* Release */,
			);
			defaultConfigurationIsVisible = 0;
			defaultConfigurationName = Release;
		};
/* End XCConfigurationList section */
	};
	rootObject = AFDFF99327F3EF5C00D4ED45 /* Project object */;
}
